
Microsoft Visual Studio Solution File, Format Version 12.00
# Visual Studio Version 17
VisualStudioVersion = 17.0.31919.166
MinimumVisualStudioVersion = 10.0.40219.1
Project("{FAE04EC0-301F-11D3-BF4B-00C04F79EFBC}") = "dofbotArm", "dofbotArm\dofbotArm.csproj", "{7554D40B-C8BF-4D44-8A02-D6CCF8C1120C}"
EndProject
Global
	GlobalSection(SolutionConfigurationPlatforms) = preSolution
		Debug|Any CPU = Debug|Any CPU
		Release|Any CPU = Release|Any CPU
	EndGlobalSection
	GlobalSection(ProjectConfigurationPlatforms) = postSolution
		{7554D40B-C8BF-4D44-8A02-D6CCF8C1120C}.Debug|Any CPU.ActiveCfg = Debug|Any CPU
		{7554D40B-C8BF-4D44-8A02-D6CCF8C1120C}.Debug|Any CPU.Build.0 = Debug|Any CPU
		{7554D40B-C8BF-4D44-8A02-D6CCF8C1120C}.Release|Any CPU.ActiveCfg = Release|Any CPU
		{7554D40B-C8BF-4D44-8A02-D6CCF8C1120C}.Release|Any CPU.Build.0 = Release|Any CPU
	EndGlobalSection
	GlobalSection(SolutionProperties) = preSolution
		HideSolutionNode = FALSE
	EndGlobalSection
	GlobalSection(ExtensibilityGlobals) = postSolution
		SolutionGuid = {BBB70237-E573-42B7-920A-477BA69CE348}
	EndGlobalSection
EndGlobal
